
Microsoft Visual Studio Solution File, Format Version 12.00
# Visual Studio Version 17
VisualStudioVersion = 17.9.34607.119
MinimumVisualStudioVersion = 10.0.40219.1
Project("{FAE04EC0-301F-11D3-BF4B-00C04F79EFBC}") = "Storages_Desktop", "Storages\Storages_Desktop.csproj", "{1DCE2481-29DF-4617-A4BF-2F2E08D0A84F}"
EndProject
Project("{FAE04EC0-301F-11D3-BF4B-00C04F79EFBC}") = "Storages_DataAccessLayer", "Storages_DataAccessLayer\Storages_DataAccessLayer.csproj", "{6C94383C-E80A-4CCB-9DC3-C3B9B82EFE99}"
EndProject
Project("{FAE04EC0-301F-11D3-BF4B-00C04F79EFBC}") = "Storages_BuisnessLayer", "Storages_BuisnessLayer\Storages_BuisnessLayer.csproj", "{C9DF20C0-0DAF-4E32-B3B0-8825218B9225}"
EndProject
Project("{54435603-DBB4-11D2-8724-00A0C9A8B90C}") = "SetupStorages", "SetupStorages\SetupStorages.vdproj", "{7AB8021B-738A-E94C-187B-ABE69A0677CB}"
EndProject
Global
	GlobalSection(SolutionConfigurationPlatforms) = preSolution
		Debug|Any CPU = Debug|Any CPU
		Release|Any CPU = Release|Any CPU
	EndGlobalSection
	GlobalSection(ProjectConfigurationPlatforms) = postSolution
		{1DCE2481-29DF-4617-A4BF-2F2E08D0A84F}.Debug|Any CPU.ActiveCfg = Debug|Any CPU
		{1DCE2481-29DF-4617-A4BF-2F2E08D0A84F}.Debug|Any CPU.Build.0 = Debug|Any CPU
		{1DCE2481-29DF-4617-A4BF-2F2E08D0A84F}.Release|Any CPU.ActiveCfg = Release|Any CPU
		{1DCE2481-29DF-4617-A4BF-2F2E08D0A84F}.Release|Any CPU.Build.0 = Release|Any CPU
		{6C94383C-E80A-4CCB-9DC3-C3B9B82EFE99}.Debug|Any CPU.ActiveCfg = Debug|Any CPU
		{6C94383C-E80A-4CCB-9DC3-C3B9B82EFE99}.Debug|Any CPU.Build.0 = Debug|Any CPU
		{6C94383C-E80A-4CCB-9DC3-C3B9B82EFE99}.Release|Any CPU.ActiveCfg = Release|Any CPU
		{6C94383C-E80A-4CCB-9DC3-C3B9B82EFE99}.Release|Any CPU.Build.0 = Release|Any CPU
		{C9DF20C0-0DAF-4E32-B3B0-8825218B9225}.Debug|Any CPU.ActiveCfg = Debug|Any CPU
		{C9DF20C0-0DAF-4E32-B3B0-8825218B9225}.Debug|Any CPU.Build.0 = Debug|Any CPU
		{C9DF20C0-0DAF-4E32-B3B0-8825218B9225}.Release|Any CPU.ActiveCfg = Release|Any CPU
		{C9DF20C0-0DAF-4E32-B3B0-8825218B9225}.Release|Any CPU.Build.0 = Release|Any CPU
		{7AB8021B-738A-E94C-187B-ABE69A0677CB}.Debug|Any CPU.ActiveCfg = Debug
		{7AB8021B-738A-E94C-187B-ABE69A0677CB}.Release|Any CPU.ActiveCfg = Release
	EndGlobalSection
	GlobalSection(SolutionProperties) = preSolution
		HideSolutionNode = FALSE
	EndGlobalSection
	GlobalSection(ExtensibilityGlobals) = postSolution
		SolutionGuid = {7501CFAB-1057-4815-94D1-22646D28492B}
	EndGlobalSection
EndGlobal
